
Microsoft Visual Studio Solution File, Format Version 12.00
# Visual Studio Version 17
VisualStudioVersion = 17.14.36705.20
MinimumVisualStudioVersion = 10.0.40219.1
Project("{2150E333-8FDC-42A3-9474-1A3956D46DE8}") = "Services", "Services", "{02EA681E-C7D8-13C7-8484-4AC65E1B71E8}"
EndProject
Project("{2150E333-8FDC-42A3-9474-1A3956D46DE8}") = "Basket", "Basket", "{A636AA2E-1C18-498B-AF33-496C9432F2F3}"
EndProject
Project("{FAE04EC0-301F-11D3-BF4B-00C04F79EFBC}") = "Basket", "Services\Basket\Basket.csproj", "{9F127B13-5601-414D-A6E3-AAF4964C34A0}"
EndProject
Project("{FAE04EC0-301F-11D3-BF4B-00C04F79EFBC}") = "Catalog", "Services\Catalog\Catalog.csproj", "{7297985C-B45F-E84A-DEC7-99BBFAEDC8CD}"
EndProject
Project("{2150E333-8FDC-42A3-9474-1A3956D46DE8}") = "Catalog", "Catalog", "{690FE609-B18E-4F22-88ED-3963728B1EFD}"
EndProject
Project("{2150E333-8FDC-42A3-9474-1A3956D46DE8}") = "Discount", "Discount", "{2300A89A-C0F0-4ED3-AC7C-E6D68DD6D65E}"
EndProject
Project("{FAE04EC0-301F-11D3-BF4B-00C04F79EFBC}") = "Discount", "Services\Discount\Discount.csproj", "{E23941B5-20D9-4308-B2B0-BA1958AC3C7F}"
EndProject
Project("{2150E333-8FDC-42A3-9474-1A3956D46DE8}") = "Ordering", "Ordering", "{B6878F00-3867-4B49-B2B4-69ABD7DB4675}"
EndProject
Project("{FAE04EC0-301F-11D3-BF4B-00C04F79EFBC}") = "Ordering", "Services\Ordering\Ordering.csproj", "{5C980933-DF95-498D-913B-846A7819B69F}"
EndProject
Project("{2150E333-8FDC-42A3-9474-1A3956D46DE8}") = "Infrastructure", "Infrastructure", "{D2D5EFF3-A618-499A-B2D9-6693DA13C1B6}"
EndProject
Project("{FAE04EC0-301F-11D3-BF4B-00C04F79EFBC}") = "EventBus.Messages", "Infrastructure\EventBus.Messages\EventBus.Messages.csproj", "{6DF22E65-8611-4290-B55E-0700CC5101CC}"
EndProject
Project("{2150E333-8FDC-42A3-9474-1A3956D46DE8}") = "Payment", "Payment", "{D4B5B7D0-6148-4429-9FBC-44C3AECDC187}"
EndProject
Project("{FAE04EC0-301F-11D3-BF4B-00C04F79EFBC}") = "Payment", "Services\Payment\Payment.csproj", "{653FF7DD-5F1D-4CD7-BA61-6A2460CC1657}"
EndProject
Global
	GlobalSection(SolutionConfigurationPlatforms) = preSolution
		Debug|Any CPU = Debug|Any CPU
		Release|Any CPU = Release|Any CPU
	EndGlobalSection
	GlobalSection(ProjectConfigurationPlatforms) = postSolution
		{9F127B13-5601-414D-A6E3-AAF4964C34A0}.Debug|Any CPU.ActiveCfg = Debug|Any CPU
		{9F127B13-5601-414D-A6E3-AAF4964C34A0}.Debug|Any CPU.Build.0 = Debug|Any CPU
		{9F127B13-5601-414D-A6E3-AAF4964C34A0}.Release|Any CPU.ActiveCfg = Release|Any CPU
		{9F127B13-5601-414D-A6E3-AAF4964C34A0}.Release|Any CPU.Build.0 = Release|Any CPU
		{7297985C-B45F-E84A-DEC7-99BBFAEDC8CD}.Debug|Any CPU.ActiveCfg = Debug|Any CPU
		{7297985C-B45F-E84A-DEC7-99BBFAEDC8CD}.Debug|Any CPU.Build.0 = Debug|Any CPU
		{7297985C-B45F-E84A-DEC7-99BBFAEDC8CD}.Release|Any CPU.ActiveCfg = Release|Any CPU
		{7297985C-B45F-E84A-DEC7-99BBFAEDC8CD}.Release|Any CPU.Build.0 = Release|Any CPU
		{E23941B5-20D9-4308-B2B0-BA1958AC3C7F}.Debug|Any CPU.ActiveCfg = Debug|Any CPU
		{E23941B5-20D9-4308-B2B0-BA1958AC3C7F}.Debug|Any CPU.Build.0 = Debug|Any CPU
		{E23941B5-20D9-4308-B2B0-BA1958AC3C7F}.Release|Any CPU.ActiveCfg = Release|Any CPU
		{E23941B5-20D9-4308-B2B0-BA1958AC3C7F}.Release|Any CPU.Build.0 = Release|Any CPU
		{5C980933-DF95-498D-913B-846A7819B69F}.Debug|Any CPU.ActiveCfg = Debug|Any CPU
		{5C980933-DF95-498D-913B-846A7819B69F}.Debug|Any CPU.Build.0 = Debug|Any CPU
		{5C980933-DF95-498D-913B-846A7819B69F}.Release|Any CPU.ActiveCfg = Release|Any CPU
		{5C980933-DF95-498D-913B-846A7819B69F}.Release|Any CPU.Build.0 = Release|Any CPU
		{6DF22E65-8611-4290-B55E-0700CC5101CC}.Debug|Any CPU.ActiveCfg = Debug|Any CPU
		{6DF22E65-8611-4290-B55E-0700CC5101CC}.Debug|Any CPU.Build.0 = Debug|Any CPU
		{6DF22E65-8611-4290-B55E-0700CC5101CC}.Release|Any CPU.ActiveCfg = Release|Any CPU
		{6DF22E65-8611-4290-B55E-0700CC5101CC}.Release|Any CPU.Build.0 = Release|Any CPU
		{653FF7DD-5F1D-4CD7-BA61-6A2460CC1657}.Debug|Any CPU.ActiveCfg = Debug|Any CPU
		{653FF7DD-5F1D-4CD7-BA61-6A2460CC1657}.Debug|Any CPU.Build.0 = Debug|Any CPU
		{653FF7DD-5F1D-4CD7-BA61-6A2460CC1657}.Release|Any CPU.ActiveCfg = Release|Any CPU
		{653FF7DD-5F1D-4CD7-BA61-6A2460CC1657}.Release|Any CPU.Build.0 = Release|Any CPU
	EndGlobalSection
	GlobalSection(SolutionProperties) = preSolution
		HideSolutionNode = FALSE
	EndGlobalSection
	GlobalSection(NestedProjects) = preSolution
		{A636AA2E-1C18-498B-AF33-496C9432F2F3} = {02EA681E-C7D8-13C7-8484-4AC65E1B71E8}
		{9F127B13-5601-414D-A6E3-AAF4964C34A0} = {A636AA2E-1C18-498B-AF33-496C9432F2F3}
		{7297985C-B45F-E84A-DEC7-99BBFAEDC8CD} = {690FE609-B18E-4F22-88ED-3963728B1EFD}
		{690FE609-B18E-4F22-88ED-3963728B1EFD} = {02EA681E-C7D8-13C7-8484-4AC65E1B71E8}
		{2300A89A-C0F0-4ED3-AC7C-E6D68DD6D65E} = {02EA681E-C7D8-13C7-8484-4AC65E1B71E8}
		{E23941B5-20D9-4308-B2B0-BA1958AC3C7F} = {2300A89A-C0F0-4ED3-AC7C-E6D68DD6D65E}
		{B6878F00-3867-4B49-B2B4-69ABD7DB4675} = {02EA681E-C7D8-13C7-8484-4AC65E1B71E8}
		{5C980933-DF95-498D-913B-846A7819B69F} = {B6878F00-3867-4B49-B2B4-69ABD7DB4675}
		{6DF22E65-8611-4290-B55E-0700CC5101CC} = {D2D5EFF3-A618-499A-B2D9-6693DA13C1B6}
		{D4B5B7D0-6148-4429-9FBC-44C3AECDC187} = {02EA681E-C7D8-13C7-8484-4AC65E1B71E8}
		{653FF7DD-5F1D-4CD7-BA61-6A2460CC1657} = {D4B5B7D0-6148-4429-9FBC-44C3AECDC187}
	EndGlobalSection
	GlobalSection(ExtensibilityGlobals) = postSolution
		SolutionGuid = {74EC3BEC-C947-474E-9090-9726BE4C7B04}
	EndGlobalSection
EndGlobal
